// !$*UTF8*$!
{
	archiveVersion = 1;
	classes = {
	};
	objectVersion = 50;
	objects = {

/* Begin PBXBuildFile section */
		A481B4C12425623500B294AF /* AppDelegate.swift in Sources */ = {isa = PBXBuildFile; fileRef = A481B4C02425623500B294AF /* AppDelegate.swift */; };
		A481B4CB2425623500B294AF /* DiCoScanner.xcdatamodeld in Sources */ = {isa = PBXBuildFile; fileRef = A481B4C92425623500B294AF /* DiCoScanner.xcdatamodeld */; };
		A481B4CD2425623600B294AF /* Assets.xcassets in Resources */ = {isa = PBXBuildFile; fileRef = A481B4CC2425623600B294AF /* Assets.xcassets */; };
		A481B4D02425623600B294AF /* LaunchScreen.storyboard in Resources */ = {isa = PBXBuildFile; fileRef = A481B4CE2425623600B294AF /* LaunchScreen.storyboard */; };
		E28BA0F22425666A00AF3CF2 /* TabBarViewController.swift in Sources */ = {isa = PBXBuildFile; fileRef = E28BA0F02425666A00AF3CF2 /* TabBarViewController.swift */; };
		E28BA0F32425666A00AF3CF2 /* TabBarViewController.xib in Resources */ = {isa = PBXBuildFile; fileRef = E28BA0F12425666A00AF3CF2 /* TabBarViewController.xib */; };
/* End PBXBuildFile section */

/* Begin PBXFileReference section */
		A481B4BD2425623500B294AF /* DiCoScanner.app */ = {isa = PBXFileReference; explicitFileType = wrapper.application; includeInIndex = 0; path = DiCoScanner.app; sourceTree = BUILT_PRODUCTS_DIR; };
		A481B4C02425623500B294AF /* AppDelegate.swift */ = {isa = PBXFileReference; lastKnownFileType = sourcecode.swift; path = AppDelegate.swift; sourceTree = "<group>"; };
		A481B4CA2425623500B294AF /* DiCoScanner.xcdatamodel */ = {isa = PBXFileReference; lastKnownFileType = wrapper.xcdatamodel; path = DiCoScanner.xcdatamodel; sourceTree = "<group>"; };
		A481B4CC2425623600B294AF /* Assets.xcassets */ = {isa = PBXFileReference; lastKnownFileType = folder.assetcatalog; path = Assets.xcassets; sourceTree = "<group>"; };
		A481B4CF2425623600B294AF /* Base */ = {isa = PBXFileReference; lastKnownFileType = file.storyboard; name = Base; path = Base.lproj/LaunchScreen.storyboard; sourceTree = "<group>"; };
		A481B4D12425623600B294AF /* Info.plist */ = {isa = PBXFileReference; lastKnownFileType = text.plist.xml; path = Info.plist; sourceTree = "<group>"; };
		E28BA0F02425666A00AF3CF2 /* TabBarViewController.swift */ = {isa = PBXFileReference; lastKnownFileType = sourcecode.swift; path = TabBarViewController.swift; sourceTree = "<group>"; };
		E28BA0F12425666A00AF3CF2 /* TabBarViewController.xib */ = {isa = PBXFileReference; lastKnownFileType = file.xib; path = TabBarViewController.xib; sourceTree = "<group>"; };
/* End PBXFileReference section */

/* Begin PBXFrameworksBuildPhase section */
		A481B4BA2425623500B294AF /* Frameworks */ = {
			isa = PBXFrameworksBuildPhase;
			buildActionMask = 2147483647;
			files = (
			);
			runOnlyForDeploymentPostprocessing = 0;
		};
/* End PBXFrameworksBuildPhase section */

/* Begin PBXGroup section */
		2E9797E6242562EA005CE79F /* src */ = {
			isa = PBXGroup;
			children = (
				2E9797E724256300005CE79F /* data */,
				36013C97EB493D7A9017A98D /* ui */,
			);
			path = src;
			sourceTree = "<group>";
		};
		2E9797E724256300005CE79F /* data */ = {
			isa = PBXGroup;
			children = (
				2E9797E924256317005CE79F /* dao */,
				2E9797E824256308005CE79F /* domain */,
			);
			path = data;
			sourceTree = "<group>";
		};
		2E9797E824256308005CE79F /* domain */ = {
			isa = PBXGroup;
			children = (
				A481B4C92425623500B294AF /* DiCoScanner.xcdatamodeld */,
			);
			path = domain;
			sourceTree = "<group>";
		};
		2E9797E924256317005CE79F /* dao */ = {
			isa = PBXGroup;
			children = (
			);
			path = dao;
			sourceTree = "<group>";
		};
		36013B2860E50B41AAEE60C2 /* controller */ = {
			isa = PBXGroup;
			children = (
				E28BA0F02425666A00AF3CF2 /* TabBarViewController.swift */,
				E28BA0F12425666A00AF3CF2 /* TabBarViewController.xib */,
			);
			path = controller;
			sourceTree = "<group>";
		};
		36013C97EB493D7A9017A98D /* ui */ = {
			isa = PBXGroup;
			children = (
				36013B2860E50B41AAEE60C2 /* controller */,
			);
			path = ui;
			sourceTree = "<group>";
		};
		A481B4B42425623500B294AF = {
			isa = PBXGroup;
			children = (
				A481B4BF2425623500B294AF /* DiCoScanner */,
				A481B4BE2425623500B294AF /* Products */,
			);
			sourceTree = "<group>";
		};
		A481B4BE2425623500B294AF /* Products */ = {
			isa = PBXGroup;
			children = (
				A481B4BD2425623500B294AF /* DiCoScanner.app */,
			);
			name = Products;
			sourceTree = "<group>";
		};
		A481B4BF2425623500B294AF /* DiCoScanner */ = {
			isa = PBXGroup;
			children = (
				2E9797E6242562EA005CE79F /* src */,
				A481B4C02425623500B294AF /* AppDelegate.swift */,
				A481B4CC2425623600B294AF /* Assets.xcassets */,
				A481B4CE2425623600B294AF /* LaunchScreen.storyboard */,
				A481B4D12425623600B294AF /* Info.plist */,
			);
			path = DiCoScanner;
			sourceTree = "<group>";
		};
/* End PBXGroup section */

/* Begin PBXNativeTarget section */
		A481B4BC2425623500B294AF /* DiCoScanner */ = {
			isa = PBXNativeTarget;
			buildConfigurationList = A481B4D42425623600B294AF /* Build configuration list for PBXNativeTarget "DiCoScanner" */;
			buildPhases = (
				A481B4B92425623500B294AF /* Sources */,
				A481B4BA2425623500B294AF /* Frameworks */,
				A481B4BB2425623500B294AF /* Resources */,
			);
			buildRules = (
			);
			dependencies = (
			);
			name = DiCoScanner;
			productName = DiCoScanner;
			productReference = A481B4BD2425623500B294AF /* DiCoScanner.app */;
			productType = "com.apple.product-type.application";
		};
/* End PBXNativeTarget section */

/* Begin PBXProject section */
		A481B4B52425623500B294AF /* Project object */ = {
			isa = PBXProject;
			attributes = {
				LastSwiftUpdateCheck = 1130;
				LastUpgradeCheck = 1130;
				ORGANIZATIONNAME = "let's dev GmbH & Co. KG";
				TargetAttributes = {
					A481B4BC2425623500B294AF = {
						CreatedOnToolsVersion = 11.3;
					};
				};
			};
			buildConfigurationList = A481B4B82425623500B294AF /* Build configuration list for PBXProject "DiCoScanner" */;
			compatibilityVersion = "Xcode 9.3";
			developmentRegion = en;
			hasScannedForEncodings = 0;
			knownRegions = (
				en,
				Base,
			);
			mainGroup = A481B4B42425623500B294AF;
			productRefGroup = A481B4BE2425623500B294AF /* Products */;
			projectDirPath = "";
			projectRoot = "";
			targets = (
				A481B4BC2425623500B294AF /* DiCoScanner */,
			);
		};
/* End PBXProject section */

/* Begin PBXResourcesBuildPhase section */
		A481B4BB2425623500B294AF /* Resources */ = {
			isa = PBXResourcesBuildPhase;
			buildActionMask = 2147483647;
			files = (
				E28BA0F32425666A00AF3CF2 /* TabBarViewController.xib in Resources */,
				A481B4D02425623600B294AF /* LaunchScreen.storyboard in Resources */,
				A481B4CD2425623600B294AF /* Assets.xcassets in Resources */,
			);
			runOnlyForDeploymentPostprocessing = 0;
		};
/* End PBXResourcesBuildPhase section */

/* Begin PBXSourcesBuildPhase section */
		A481B4B92425623500B294AF /* Sources */ = {
			isa = PBXSourcesBuildPhase;
			buildActionMask = 2147483647;
			files = (
				A481B4CB2425623500B294AF /* DiCoScanner.xcdatamodeld in Sources */,
				A481B4C12425623500B294AF /* AppDelegate.swift in Sources */,
				E28BA0F22425666A00AF3CF2 /* TabBarViewController.swift in Sources */,
			);
			runOnlyForDeploymentPostprocessing = 0;
		};
/* End PBXSourcesBuildPhase section */

/* Begin PBXVariantGroup section */
		A481B4CE2425623600B294AF /* LaunchScreen.storyboard */ = {
			isa = PBXVariantGroup;
			children = (
				A481B4CF2425623600B294AF /* Base */,
			);
			name = LaunchScreen.storyboard;
			sourceTree = "<group>";
		};
/* End PBXVariantGroup section */

/* Begin XCBuildConfiguration section */
		A481B4D22425623600B294AF /* Debug */ = {
			isa = XCBuildConfiguration;
			buildSettings = {
				ALWAYS_SEARCH_USER_PATHS = NO;
				CLANG_ANALYZER_NONNULL = YES;
				CLANG_ANALYZER_NUMBER_OBJECT_CONVERSION = YES_AGGRESSIVE;
				CLANG_CXX_LANGUAGE_STANDARD = "gnu++14";
				CLANG_CXX_LIBRARY = "libc++";
				CLANG_ENABLE_MODULES = YES;
				CLANG_ENABLE_OBJC_ARC = YES;
				CLANG_ENABLE_OBJC_WEAK = YES;
				CLANG_WARN_BLOCK_CAPTURE_AUTORELEASING = YES;
				CLANG_WARN_BOOL_CONVERSION = YES;
				CLANG_WARN_COMMA = YES;
				CLANG_WARN_CONSTANT_CONVERSION = YES;
				CLANG_WARN_DEPRECATED_OBJC_IMPLEMENTATIONS = YES;
				CLANG_WARN_DIRECT_OBJC_ISA_USAGE = YES_ERROR;
				CLANG_WARN_DOCUMENTATION_COMMENTS = YES;
				CLANG_WARN_EMPTY_BODY = YES;
				CLANG_WARN_ENUM_CONVERSION = YES;
				CLANG_WARN_INFINITE_RECURSION = YES;
				CLANG_WARN_INT_CONVERSION = YES;
				CLANG_WARN_NON_LITERAL_NULL_CONVERSION = YES;
				CLANG_WARN_OBJC_IMPLICIT_RETAIN_SELF = YES;
				CLANG_WARN_OBJC_LITERAL_CONVERSION = YES;
				CLANG_WARN_OBJC_ROOT_CLASS = YES_ERROR;
				CLANG_WARN_RANGE_LOOP_ANALYSIS = YES;
				CLANG_WARN_STRICT_PROTOTYPES = YES;
				CLANG_WARN_SUSPICIOUS_MOVE = YES;
				CLANG_WARN_UNGUARDED_AVAILABILITY = YES_AGGRESSIVE;
				CLANG_WARN_UNREACHABLE_CODE = YES;
				CLANG_WARN__DUPLICATE_METHOD_MATCH = YES;
				COPY_PHASE_STRIP = NO;
				DEBUG_INFORMATION_FORMAT = dwarf;
				ENABLE_STRICT_OBJC_MSGSEND = YES;
				ENABLE_TESTABILITY = YES;
				GCC_C_LANGUAGE_STANDARD = gnu11;
				GCC_DYNAMIC_NO_PIC = NO;
				GCC_NO_COMMON_BLOCKS = YES;
				GCC_OPTIMIZATION_LEVEL = 0;
				GCC_PREPROCESSOR_DEFINITIONS = (
					"DEBUG=1",
					"$(inherited)",
				);
				GCC_WARN_64_TO_32_BIT_CONVERSION = YES;
				GCC_WARN_ABOUT_RETURN_TYPE = YES_ERROR;
				GCC_WARN_UNDECLARED_SELECTOR = YES;
				GCC_WARN_UNINITIALIZED_AUTOS = YES_AGGRESSIVE;
				GCC_WARN_UNUSED_FUNCTION = YES;
				GCC_WARN_UNUSED_VARIABLE = YES;
				IPHONEOS_DEPLOYMENT_TARGET = 13.2;
				MTL_ENABLE_DEBUG_INFO = INCLUDE_SOURCE;
				MTL_FAST_MATH = YES;
				ONLY_ACTIVE_ARCH = YES;
				SDKROOT = iphoneos;
				SWIFT_ACTIVE_COMPILATION_CONDITIONS = DEBUG;
				SWIFT_OPTIMIZATION_LEVEL = "-Onone";
			};
			name = Debug;
		};
		A481B4D32425623600B294AF /* Release */ = {
			isa = XCBuildConfiguration;
			buildSettings = {
				ALWAYS_SEARCH_USER_PATHS = NO;
				CLANG_ANALYZER_NONNULL = YES;
				CLANG_ANALYZER_NUMBER_OBJECT_CONVERSION = YES_AGGRESSIVE;
				CLANG_CXX_LANGUAGE_STANDARD = "gnu++14";
				CLANG_CXX_LIBRARY = "libc++";
				CLANG_ENABLE_MODULES = YES;
				CLANG_ENABLE_OBJC_ARC = YES;
				CLANG_ENABLE_OBJC_WEAK = YES;
				CLANG_WARN_BLOCK_CAPTURE_AUTORELEASING = YES;
				CLANG_WARN_BOOL_CONVERSION = YES;
				CLANG_WARN_COMMA = YES;
				CLANG_WARN_CONSTANT_CONVERSION = YES;
				CLANG_WARN_DEPRECATED_OBJC_IMPLEMENTATIONS = YES;
				CLANG_WARN_DIRECT_OBJC_ISA_USAGE = YES_ERROR;
				CLANG_WARN_DOCUMENTATION_COMMENTS = YES;
				CLANG_WARN_EMPTY_BODY = YES;
				CLANG_WARN_ENUM_CONVERSION = YES;
				CLANG_WARN_INFINITE_RECURSION = YES;
				CLANG_WARN_INT_CONVERSION = YES;
				CLANG_WARN_NON_LITERAL_NULL_CONVERSION = YES;
				CLANG_WARN_OBJC_IMPLICIT_RETAIN_SELF = YES;
				CLANG_WARN_OBJC_LITERAL_CONVERSION = YES;
				CLANG_WARN_OBJC_ROOT_CLASS = YES_ERROR;
				CLANG_WARN_RANGE_LOOP_ANALYSIS = YES;
				CLANG_WARN_STRICT_PROTOTYPES = YES;
				CLANG_WARN_SUSPICIOUS_MOVE = YES;
				CLANG_WARN_UNGUARDED_AVAILABILITY = YES_AGGRESSIVE;
				CLANG_WARN_UNREACHABLE_CODE = YES;
				CLANG_WARN__DUPLICATE_METHOD_MATCH = YES;
				COPY_PHASE_STRIP = NO;
				DEBUG_INFORMATION_FORMAT = "dwarf-with-dsym";
				ENABLE_NS_ASSERTIONS = NO;
				ENABLE_STRICT_OBJC_MSGSEND = YES;
				GCC_C_LANGUAGE_STANDARD = gnu11;
				GCC_NO_COMMON_BLOCKS = YES;
				GCC_WARN_64_TO_32_BIT_CONVERSION = YES;
				GCC_WARN_ABOUT_RETURN_TYPE = YES_ERROR;
				GCC_WARN_UNDECLARED_SELECTOR = YES;
				GCC_WARN_UNINITIALIZED_AUTOS = YES_AGGRESSIVE;
				GCC_WARN_UNUSED_FUNCTION = YES;
				GCC_WARN_UNUSED_VARIABLE = YES;
				IPHONEOS_DEPLOYMENT_TARGET = 13.2;
				MTL_ENABLE_DEBUG_INFO = NO;
				MTL_FAST_MATH = YES;
				SDKROOT = iphoneos;
				SWIFT_COMPILATION_MODE = wholemodule;
				SWIFT_OPTIMIZATION_LEVEL = "-O";
				VALIDATE_PRODUCT = YES;
			};
			name = Release;
		};
		A481B4D52425623600B294AF /* Debug */ = {
			isa = XCBuildConfiguration;
			buildSettings = {
				ASSETCATALOG_COMPILER_APPICON_NAME = AppIcon;
				CODE_SIGN_IDENTITY = "iPhone Developer";
				CODE_SIGN_STYLE = Manual;
				DEVELOPMENT_TEAM = 55N9D27866;
				INFOPLIST_FILE = DiCoScanner/Info.plist;
				IPHONEOS_DEPLOYMENT_TARGET = 12.0;
				LD_RUNPATH_SEARCH_PATHS = (
					"$(inherited)",
					"@executable_path/Frameworks",
				);
				PRODUCT_BUNDLE_IDENTIFIER = de.letsdev.DiCoScanner;
				PRODUCT_NAME = "$(TARGET_NAME)";
				PROVISIONING_PROFILE_SPECIFIER = "ld-ent-wildcard-development-xcode11";
				SWIFT_VERSION = 5.0;
				TARGETED_DEVICE_FAMILY = "1,2";
			};
			name = Debug;
		};
		A481B4D62425623600B294AF /* Release */ = {
			isa = XCBuildConfiguration;
			buildSettings = {
				ASSETCATALOG_COMPILER_APPICON_NAME = AppIcon;
				CODE_SIGN_IDENTITY = "iPhone Distribution";
				CODE_SIGN_STYLE = Manual;
				DEVELOPMENT_TEAM = 55N9D27866;
				INFOPLIST_FILE = DiCoScanner/Info.plist;
				IPHONEOS_DEPLOYMENT_TARGET = 12.0;
				LD_RUNPATH_SEARCH_PATHS = (
					"$(inherited)",
					"@executable_path/Frameworks",
				);
				PRODUCT_BUNDLE_IDENTIFIER = de.letsdev.DiCoScanner;
				PRODUCT_NAME = "$(TARGET_NAME)";
				PROVISIONING_PROFILE_SPECIFIER = "ld-ent-wildcard-distribution";
				SWIFT_VERSION = 5.0;
				TARGETED_DEVICE_FAMILY = "1,2";
			};
			name = Release;
		};
/* End XCBuildConfiguration section */

/* Begin XCConfigurationList section */
		A481B4B82425623500B294AF /* Build configuration list for PBXProject "DiCoScanner" */ = {
			isa = XCConfigurationList;
			buildConfigurations = (
				A481B4D22425623600B294AF /* Debug */,
				A481B4D32425623600B294AF /* Release */,
			);
			defaultConfigurationIsVisible = 0;
			defaultConfigurationName = Release;
		};
		A481B4D42425623600B294AF /* Build configuration list for PBXNativeTarget "DiCoScanner" */ = {
			isa = XCConfigurationList;
			buildConfigurations = (
				A481B4D52425623600B294AF /* Debug */,
				A481B4D62425623600B294AF /* Release */,
			);
			defaultConfigurationIsVisible = 0;
			defaultConfigurationName = Release;
		};
/* End XCConfigurationList section */

/* Begin XCVersionGroup section */
		A481B4C92425623500B294AF /* DiCoScanner.xcdatamodeld */ = {
			isa = XCVersionGroup;
			children = (
				A481B4CA2425623500B294AF /* DiCoScanner.xcdatamodel */,
			);
			currentVersion = A481B4CA2425623500B294AF /* DiCoScanner.xcdatamodel */;
			path = DiCoScanner.xcdatamodeld;
			sourceTree = "<group>";
			versionGroupType = wrapper.xcdatamodel;
		};
/* End XCVersionGroup section */
	};
	rootObject = A481B4B52425623500B294AF /* Project object */;
}
