// !$*UTF8*$!
{
	archiveVersion = 1;
	classes = {
	};
	objectVersion = 50;
	objects = {

/* Begin PBXBuildFile section */
		29BD900177FD17C9B6DF4341 /* MarkerDao.swift in Sources */ = {isa = PBXBuildFile; fileRef = 29BD9FB52888BBA281507503 /* MarkerDao.swift */; };
		29BD903B8514E18517A05543 /* SyncManager.swift in Sources */ = {isa = PBXBuildFile; fileRef = 29BD994BC62AD0DF886F1389 /* SyncManager.swift */; };
		29BD92191B3D84E566FFB53A /* MarkerPostRequest.swift in Sources */ = {isa = PBXBuildFile; fileRef = 29BD9E606104F85659D58A42 /* MarkerPostRequest.swift */; };
		29BD933AEA3163A09AB5EE9A /* SymptomDiaryEntryDao.swift in Sources */ = {isa = PBXBuildFile; fileRef = 29BD9B7FF2FD1828DE7127CF /* SymptomDiaryEntryDao.swift */; };
		29BD9473DAB79227727C64D7 /* SymptomGetRequest.swift in Sources */ = {isa = PBXBuildFile; fileRef = 29BD92A6BDE937A9F83222A8 /* SymptomGetRequest.swift */; };
		29BD958E5A61B56A9AC99C23 /* DatabaseManager.swift in Sources */ = {isa = PBXBuildFile; fileRef = 29BD9E3E05235BB38E8BA1E3 /* DatabaseManager.swift */; };
		29BD95BD9208C8629C9C621A /* SymptomDiaryPostRequest.swift in Sources */ = {isa = PBXBuildFile; fileRef = 29BD94314153056CF8266F4E /* SymptomDiaryPostRequest.swift */; };
		29BD96F68A6AA3A34A9EC7D3 /* SymptomDao.swift in Sources */ = {isa = PBXBuildFile; fileRef = 29BD9C9031377750FAEFBDEE /* SymptomDao.swift */; };
		29BD9A3B4F51135C94742C5D /* BaseRequest.swift in Sources */ = {isa = PBXBuildFile; fileRef = 29BD9AD1E27E24B6709443F4 /* BaseRequest.swift */; };
		29BD9CA020B40DEA5988249B /* SyncDao.swift in Sources */ = {isa = PBXBuildFile; fileRef = 29BD975EDEA1FC4E9EBDEF4E /* SyncDao.swift */; };
		29BD9CE6870A1900A0F70B20 /* CoronaTestPostRequest.swift in Sources */ = {isa = PBXBuildFile; fileRef = 29BD91B441F69C43B36D982A /* CoronaTestPostRequest.swift */; };
		29BD9D25EF0D745C26C5D0EA /* CoronaTestResultDao.swift in Sources */ = {isa = PBXBuildFile; fileRef = 29BD9102CAEC325A370F12E2 /* CoronaTestResultDao.swift */; };
		29BD9EF51FA2178C22CCC4B7 /* BaseDao.swift in Sources */ = {isa = PBXBuildFile; fileRef = 29BD99460BD6EC84122302EE /* BaseDao.swift */; };
		360131BD8B8F3F5632343187 /* LocationProviderDelegate.swift in Sources */ = {isa = PBXBuildFile; fileRef = 36013661F6A442F9CD2B3AAE /* LocationProviderDelegate.swift */; };
		3601355E6F27C28496E41F76 /* OnBoardingDelegate.swift in Sources */ = {isa = PBXBuildFile; fileRef = 3601364B9022D7C477292190 /* OnBoardingDelegate.swift */; };
		3601357A224E006EA0DE23C6 /* LocationProvider.swift in Sources */ = {isa = PBXBuildFile; fileRef = 360132EB1A6E05520CDBCE3C /* LocationProvider.swift */; };
		36013B6575A41425E495E583 /* ButtonStateController.swift in Sources */ = {isa = PBXBuildFile; fileRef = 3601320E1A836CBE270C3F9B /* ButtonStateController.swift */; };
		36013CAD1FD909AADEBD2A17 /* DiaryEntryViewDelegate.swift in Sources */ = {isa = PBXBuildFile; fileRef = 360136BCF480A84B3D49648D /* DiaryEntryViewDelegate.swift */; };
		36013CB43F23F90880575A49 /* DateFormatter+Localization.swift in Sources */ = {isa = PBXBuildFile; fileRef = 360130001043FCC74B9B5990 /* DateFormatter+Localization.swift */; };
		A40D06942425AA1500D62CAF /* DiaryEntryView.xib in Resources */ = {isa = PBXBuildFile; fileRef = A40D06932425AA1500D62CAF /* DiaryEntryView.xib */; };
		A40D06962426203C00D62CAF /* LDLetspushFramework.framework in Frameworks */ = {isa = PBXBuildFile; fileRef = A40D06952426203C00D62CAF /* LDLetspushFramework.framework */; };
		A40D069C2426220300D62CAF /* LDLetspushFramework.bundle in Resources */ = {isa = PBXBuildFile; fileRef = A40D069B2426220300D62CAF /* LDLetspushFramework.bundle */; };
		A40D069E242628AD00D62CAF /* UserNotifications.framework in Frameworks */ = {isa = PBXBuildFile; fileRef = A40D069D242628AD00D62CAF /* UserNotifications.framework */; };
		A40D069F2426296A00D62CAF /* DiCoScanner-Bridging-Header.h in Sources */ = {isa = PBXBuildFile; fileRef = D09DBEEB1F3E7500771D88C0 /* DiCoScanner-Bridging-Header.h */; };
		A40D06A624262AFC00D62CAF /* Ssl.framework in Frameworks */ = {isa = PBXBuildFile; fileRef = A40D06A024262AFC00D62CAF /* Ssl.framework */; };
		A40D06A724262AFC00D62CAF /* LDDatabaseiOS.framework in Frameworks */ = {isa = PBXBuildFile; fileRef = A40D06A124262AFC00D62CAF /* LDDatabaseiOS.framework */; };
		A40D06A824262AFC00D62CAF /* Crypto.framework in Frameworks */ = {isa = PBXBuildFile; fileRef = A40D06A224262AFC00D62CAF /* Crypto.framework */; };
		A40D06A924262AFC00D62CAF /* LDUtilsCppiOS.framework in Frameworks */ = {isa = PBXBuildFile; fileRef = A40D06A324262AFC00D62CAF /* LDUtilsCppiOS.framework */; };
		A40D06AA24262AFC00D62CAF /* ld-utils.framework in Frameworks */ = {isa = PBXBuildFile; fileRef = A40D06A424262AFC00D62CAF /* ld-utils.framework */; };
		A40D06AB24262AFC00D62CAF /* LDHttpiOS.framework in Frameworks */ = {isa = PBXBuildFile; fileRef = A40D06A524262AFC00D62CAF /* LDHttpiOS.framework */; };
		A40D06AD24262B0D00D62CAF /* libz.tbd in Frameworks */ = {isa = PBXBuildFile; fileRef = A40D06AC24262B0D00D62CAF /* libz.tbd */; };
		A40D06AF24262B2E00D62CAF /* libc++.tbd in Frameworks */ = {isa = PBXBuildFile; fileRef = A40D06AE24262B2E00D62CAF /* libc++.tbd */; };
		A40D06B224265F5B00D62CAF /* CoronaTestViewController.swift in Sources */ = {isa = PBXBuildFile; fileRef = A40D06B024265F5B00D62CAF /* CoronaTestViewController.swift */; };
		A40D06B324265F5B00D62CAF /* CoronaTestViewController.xib in Resources */ = {isa = PBXBuildFile; fileRef = A40D06B124265F5B00D62CAF /* CoronaTestViewController.xib */; };
		A40D06BA2426D25F00D62CAF /* SymptomsTestViewController.swift in Sources */ = {isa = PBXBuildFile; fileRef = A40D06B82426D25F00D62CAF /* SymptomsTestViewController.swift */; };
		A40D06BB2426D25F00D62CAF /* SymptomsTestViewController.xib in Resources */ = {isa = PBXBuildFile; fileRef = A40D06B92426D25F00D62CAF /* SymptomsTestViewController.xib */; };
		A481B4C12425623500B294AF /* AppDelegate.swift in Sources */ = {isa = PBXBuildFile; fileRef = A481B4C02425623500B294AF /* AppDelegate.swift */; };
		A481B4CB2425623500B294AF /* DiCoScanner.xcdatamodeld in Sources */ = {isa = PBXBuildFile; fileRef = A481B4C92425623500B294AF /* DiCoScanner.xcdatamodeld */; };
		A481B4CD2425623600B294AF /* Assets.xcassets in Resources */ = {isa = PBXBuildFile; fileRef = A481B4CC2425623600B294AF /* Assets.xcassets */; };
		A481B4D02425623600B294AF /* LaunchScreen.storyboard in Resources */ = {isa = PBXBuildFile; fileRef = A481B4CE2425623600B294AF /* LaunchScreen.storyboard */; };
		A481B4D924256D9E00B294AF /* SymptomsViewController.swift in Sources */ = {isa = PBXBuildFile; fileRef = A481B4D724256D9E00B294AF /* SymptomsViewController.swift */; };
		A481B4DA24256D9E00B294AF /* SymptomsViewController.xib in Resources */ = {isa = PBXBuildFile; fileRef = A481B4D824256D9E00B294AF /* SymptomsViewController.xib */; };
		A481B4DE2425A6C900B294AF /* DiaryEntryView.swift in Sources */ = {isa = PBXBuildFile; fileRef = A481B4DC2425A6C900B294AF /* DiaryEntryView.swift */; };
		D09DBA69AB09CCDCD7FF3C19 /* PresentedViewControllerDelegate.swift in Sources */ = {isa = PBXBuildFile; fileRef = D09DB3D6544E6512763AF00E /* PresentedViewControllerDelegate.swift */; };
		E242409C24265BF40072C3E1 /* DiaryEntryDetailViewController.swift in Sources */ = {isa = PBXBuildFile; fileRef = E242409A24265BF40072C3E1 /* DiaryEntryDetailViewController.swift */; };
		E242409D24265BF40072C3E1 /* DiaryEntryDetailViewController.xib in Resources */ = {isa = PBXBuildFile; fileRef = E242409B24265BF40072C3E1 /* DiaryEntryDetailViewController.xib */; };
		E24240A024265DAE0072C3E1 /* SymptomsTableViewCell.swift in Sources */ = {isa = PBXBuildFile; fileRef = E242409E24265DAE0072C3E1 /* SymptomsTableViewCell.swift */; };
		E24240A124265DAE0072C3E1 /* SymptomsTableViewCell.xib in Resources */ = {isa = PBXBuildFile; fileRef = E242409F24265DAE0072C3E1 /* SymptomsTableViewCell.xib */; };
		E25D1B3824277CEA0085A7FA /* OnboardingViewController.swift in Sources */ = {isa = PBXBuildFile; fileRef = E25D1B3624277CEA0085A7FA /* OnboardingViewController.swift */; };
		E25D1B3924277CEA0085A7FA /* OnboardingViewController.xib in Resources */ = {isa = PBXBuildFile; fileRef = E25D1B3724277CEA0085A7FA /* OnboardingViewController.xib */; };
		E28583A02425683000C6BE16 /* MarkerViewController.swift in Sources */ = {isa = PBXBuildFile; fileRef = E285839E2425683000C6BE16 /* MarkerViewController.swift */; };
		E28583A12425683000C6BE16 /* MarkerViewController.xib in Resources */ = {isa = PBXBuildFile; fileRef = E285839F2425683000C6BE16 /* MarkerViewController.xib */; };
		E28583A424257ED600C6BE16 /* LastMarkerViewController.swift in Sources */ = {isa = PBXBuildFile; fileRef = E28583A224257ED600C6BE16 /* LastMarkerViewController.swift */; };
		E28583A524257ED600C6BE16 /* LastMarkerViewController.xib in Resources */ = {isa = PBXBuildFile; fileRef = E28583A324257ED600C6BE16 /* LastMarkerViewController.xib */; };
		E28583A92425807300C6BE16 /* LastMarkerTableViewCell.swift in Sources */ = {isa = PBXBuildFile; fileRef = E28583A72425807300C6BE16 /* LastMarkerTableViewCell.swift */; };
		E28583AA2425807300C6BE16 /* LastMarkerTableViewCell.xib in Resources */ = {isa = PBXBuildFile; fileRef = E28583A82425807300C6BE16 /* LastMarkerTableViewCell.xib */; };
		E28583AF2425B63B00C6BE16 /* Marker+UiModel.swift in Sources */ = {isa = PBXBuildFile; fileRef = E28583AE2425B63B00C6BE16 /* Marker+UiModel.swift */; };
		E28583B22425BEBA00C6BE16 /* MapKit.framework in Frameworks */ = {isa = PBXBuildFile; fileRef = E28583B12425BEBA00C6BE16 /* MapKit.framework */; };
		E28BA0F22425666A00AF3CF2 /* TabBarViewController.swift in Sources */ = {isa = PBXBuildFile; fileRef = E28BA0F02425666A00AF3CF2 /* TabBarViewController.swift */; };
		E28BA0F32425666A00AF3CF2 /* TabBarViewController.xib in Resources */ = {isa = PBXBuildFile; fileRef = E28BA0F12425666A00AF3CF2 /* TabBarViewController.xib */; };
		E2B04A53242676B600CD043E /* SymptomDiaryEntry+UiModel.swift in Sources */ = {isa = PBXBuildFile; fileRef = E2B04A52242676B600CD043E /* SymptomDiaryEntry+UiModel.swift */; };
/* End PBXBuildFile section */

/* Begin PBXFileReference section */
		29BD9102CAEC325A370F12E2 /* CoronaTestResultDao.swift */ = {isa = PBXFileReference; fileEncoding = 4; lastKnownFileType = sourcecode.swift; path = CoronaTestResultDao.swift; sourceTree = "<group>"; };
		29BD91B441F69C43B36D982A /* CoronaTestPostRequest.swift */ = {isa = PBXFileReference; fileEncoding = 4; lastKnownFileType = sourcecode.swift; path = CoronaTestPostRequest.swift; sourceTree = "<group>"; };
		29BD92A6BDE937A9F83222A8 /* SymptomGetRequest.swift */ = {isa = PBXFileReference; fileEncoding = 4; lastKnownFileType = sourcecode.swift; path = SymptomGetRequest.swift; sourceTree = "<group>"; };
		29BD94314153056CF8266F4E /* SymptomDiaryPostRequest.swift */ = {isa = PBXFileReference; fileEncoding = 4; lastKnownFileType = sourcecode.swift; path = SymptomDiaryPostRequest.swift; sourceTree = "<group>"; };
		29BD975EDEA1FC4E9EBDEF4E /* SyncDao.swift */ = {isa = PBXFileReference; fileEncoding = 4; lastKnownFileType = sourcecode.swift; path = SyncDao.swift; sourceTree = "<group>"; };
		29BD99460BD6EC84122302EE /* BaseDao.swift */ = {isa = PBXFileReference; fileEncoding = 4; lastKnownFileType = sourcecode.swift; path = BaseDao.swift; sourceTree = "<group>"; };
		29BD994BC62AD0DF886F1389 /* SyncManager.swift */ = {isa = PBXFileReference; fileEncoding = 4; lastKnownFileType = sourcecode.swift; path = SyncManager.swift; sourceTree = "<group>"; };
		29BD9AD1E27E24B6709443F4 /* BaseRequest.swift */ = {isa = PBXFileReference; fileEncoding = 4; lastKnownFileType = sourcecode.swift; path = BaseRequest.swift; sourceTree = "<group>"; };
		29BD9B7FF2FD1828DE7127CF /* SymptomDiaryEntryDao.swift */ = {isa = PBXFileReference; fileEncoding = 4; lastKnownFileType = sourcecode.swift; path = SymptomDiaryEntryDao.swift; sourceTree = "<group>"; };
		29BD9C9031377750FAEFBDEE /* SymptomDao.swift */ = {isa = PBXFileReference; fileEncoding = 4; lastKnownFileType = sourcecode.swift; path = SymptomDao.swift; sourceTree = "<group>"; };
		29BD9E3E05235BB38E8BA1E3 /* DatabaseManager.swift */ = {isa = PBXFileReference; fileEncoding = 4; lastKnownFileType = sourcecode.swift; path = DatabaseManager.swift; sourceTree = "<group>"; };
		29BD9E606104F85659D58A42 /* MarkerPostRequest.swift */ = {isa = PBXFileReference; fileEncoding = 4; lastKnownFileType = sourcecode.swift; path = MarkerPostRequest.swift; sourceTree = "<group>"; };
		29BD9FB52888BBA281507503 /* MarkerDao.swift */ = {isa = PBXFileReference; fileEncoding = 4; lastKnownFileType = sourcecode.swift; path = MarkerDao.swift; sourceTree = "<group>"; };
		360130001043FCC74B9B5990 /* DateFormatter+Localization.swift */ = {isa = PBXFileReference; fileEncoding = 4; lastKnownFileType = sourcecode.swift; path = "DateFormatter+Localization.swift"; sourceTree = "<group>"; };
		3601320E1A836CBE270C3F9B /* ButtonStateController.swift */ = {isa = PBXFileReference; fileEncoding = 4; lastKnownFileType = sourcecode.swift; path = ButtonStateController.swift; sourceTree = "<group>"; };
		360132EB1A6E05520CDBCE3C /* LocationProvider.swift */ = {isa = PBXFileReference; fileEncoding = 4; lastKnownFileType = sourcecode.swift; path = LocationProvider.swift; sourceTree = "<group>"; };
		3601364B9022D7C477292190 /* OnBoardingDelegate.swift */ = {isa = PBXFileReference; fileEncoding = 4; lastKnownFileType = sourcecode.swift; path = OnBoardingDelegate.swift; sourceTree = "<group>"; };
		36013661F6A442F9CD2B3AAE /* LocationProviderDelegate.swift */ = {isa = PBXFileReference; fileEncoding = 4; lastKnownFileType = sourcecode.swift; path = LocationProviderDelegate.swift; sourceTree = "<group>"; };
		360136BCF480A84B3D49648D /* DiaryEntryViewDelegate.swift */ = {isa = PBXFileReference; fileEncoding = 4; lastKnownFileType = sourcecode.swift; path = DiaryEntryViewDelegate.swift; sourceTree = "<group>"; };
		A40D06932425AA1500D62CAF /* DiaryEntryView.xib */ = {isa = PBXFileReference; lastKnownFileType = file.xib; path = DiaryEntryView.xib; sourceTree = "<group>"; };
		A40D06952426203C00D62CAF /* LDLetspushFramework.framework */ = {isa = PBXFileReference; lastKnownFileType = wrapper.framework; name = LDLetspushFramework.framework; path = "../../../target/ios-dependencies/LDLetspushFramework.framework"; sourceTree = "<group>"; };
		A40D069A2426210600D62CAF /* DiCoScanner.entitlements */ = {isa = PBXFileReference; lastKnownFileType = text.plist.entitlements; path = DiCoScanner.entitlements; sourceTree = "<group>"; };
		A40D069B2426220300D62CAF /* LDLetspushFramework.bundle */ = {isa = PBXFileReference; lastKnownFileType = "wrapper.plug-in"; name = LDLetspushFramework.bundle; path = "../../../target/ios-dependencies/LDLetspushFramework.bundle"; sourceTree = "<group>"; };
		A40D069D242628AD00D62CAF /* UserNotifications.framework */ = {isa = PBXFileReference; lastKnownFileType = wrapper.framework; name = UserNotifications.framework; path = System/Library/Frameworks/UserNotifications.framework; sourceTree = SDKROOT; };
		A40D06A024262AFC00D62CAF /* Ssl.framework */ = {isa = PBXFileReference; lastKnownFileType = wrapper.framework; name = Ssl.framework; path = "../../../target/ios-dependencies/Ssl.framework"; sourceTree = "<group>"; };
		A40D06A124262AFC00D62CAF /* LDDatabaseiOS.framework */ = {isa = PBXFileReference; lastKnownFileType = wrapper.framework; name = LDDatabaseiOS.framework; path = "../../../target/ios-dependencies/LDDatabaseiOS.framework"; sourceTree = "<group>"; };
		A40D06A224262AFC00D62CAF /* Crypto.framework */ = {isa = PBXFileReference; lastKnownFileType = wrapper.framework; name = Crypto.framework; path = "../../../target/ios-dependencies/Crypto.framework"; sourceTree = "<group>"; };
		A40D06A324262AFC00D62CAF /* LDUtilsCppiOS.framework */ = {isa = PBXFileReference; lastKnownFileType = wrapper.framework; name = LDUtilsCppiOS.framework; path = "../../../target/ios-dependencies/LDUtilsCppiOS.framework"; sourceTree = "<group>"; };
		A40D06A424262AFC00D62CAF /* ld-utils.framework */ = {isa = PBXFileReference; lastKnownFileType = wrapper.framework; name = "ld-utils.framework"; path = "../../../target/ios-dependencies/ld-utils.framework"; sourceTree = "<group>"; };
		A40D06A524262AFC00D62CAF /* LDHttpiOS.framework */ = {isa = PBXFileReference; lastKnownFileType = wrapper.framework; name = LDHttpiOS.framework; path = "../../../target/ios-dependencies/LDHttpiOS.framework"; sourceTree = "<group>"; };
		A40D06AC24262B0D00D62CAF /* libz.tbd */ = {isa = PBXFileReference; lastKnownFileType = "sourcecode.text-based-dylib-definition"; name = libz.tbd; path = usr/lib/libz.tbd; sourceTree = SDKROOT; };
		A40D06AE24262B2E00D62CAF /* libc++.tbd */ = {isa = PBXFileReference; lastKnownFileType = "sourcecode.text-based-dylib-definition"; name = "libc++.tbd"; path = "usr/lib/libc++.tbd"; sourceTree = SDKROOT; };
		A40D06B024265F5B00D62CAF /* CoronaTestViewController.swift */ = {isa = PBXFileReference; lastKnownFileType = sourcecode.swift; path = CoronaTestViewController.swift; sourceTree = "<group>"; };
		A40D06B124265F5B00D62CAF /* CoronaTestViewController.xib */ = {isa = PBXFileReference; lastKnownFileType = file.xib; path = CoronaTestViewController.xib; sourceTree = "<group>"; };
		A40D06B82426D25F00D62CAF /* SymptomsTestViewController.swift */ = {isa = PBXFileReference; lastKnownFileType = sourcecode.swift; path = SymptomsTestViewController.swift; sourceTree = "<group>"; };
		A40D06B92426D25F00D62CAF /* SymptomsTestViewController.xib */ = {isa = PBXFileReference; lastKnownFileType = file.xib; path = SymptomsTestViewController.xib; sourceTree = "<group>"; };
		A481B4BD2425623500B294AF /* CO Scan.app */ = {isa = PBXFileReference; explicitFileType = wrapper.application; includeInIndex = 0; path = "CO Scan.app"; sourceTree = BUILT_PRODUCTS_DIR; };
		A481B4C02425623500B294AF /* AppDelegate.swift */ = {isa = PBXFileReference; lastKnownFileType = sourcecode.swift; path = AppDelegate.swift; sourceTree = "<group>"; };
		A481B4CA2425623500B294AF /* DiCoScanner.xcdatamodel */ = {isa = PBXFileReference; lastKnownFileType = wrapper.xcdatamodel; path = DiCoScanner.xcdatamodel; sourceTree = "<group>"; };
		A481B4CC2425623600B294AF /* Assets.xcassets */ = {isa = PBXFileReference; lastKnownFileType = folder.assetcatalog; path = Assets.xcassets; sourceTree = "<group>"; };
		A481B4CF2425623600B294AF /* Base */ = {isa = PBXFileReference; lastKnownFileType = file.storyboard; name = Base; path = Base.lproj/LaunchScreen.storyboard; sourceTree = "<group>"; };
		A481B4D12425623600B294AF /* Info.plist */ = {isa = PBXFileReference; lastKnownFileType = text.plist.xml; path = Info.plist; sourceTree = "<group>"; };
		A481B4D724256D9E00B294AF /* SymptomsViewController.swift */ = {isa = PBXFileReference; lastKnownFileType = sourcecode.swift; path = SymptomsViewController.swift; sourceTree = "<group>"; };
		A481B4D824256D9E00B294AF /* SymptomsViewController.xib */ = {isa = PBXFileReference; lastKnownFileType = file.xib; path = SymptomsViewController.xib; sourceTree = "<group>"; };
		A481B4DC2425A6C900B294AF /* DiaryEntryView.swift */ = {isa = PBXFileReference; lastKnownFileType = sourcecode.swift; path = DiaryEntryView.swift; sourceTree = "<group>"; };
		D09DB3D6544E6512763AF00E /* PresentedViewControllerDelegate.swift */ = {isa = PBXFileReference; fileEncoding = 4; lastKnownFileType = sourcecode.swift; path = PresentedViewControllerDelegate.swift; sourceTree = "<group>"; };
		D09DBEEB1F3E7500771D88C0 /* DiCoScanner-Bridging-Header.h */ = {isa = PBXFileReference; fileEncoding = 4; lastKnownFileType = sourcecode.c.h; path = "DiCoScanner-Bridging-Header.h"; sourceTree = "<group>"; };
		E242409A24265BF40072C3E1 /* DiaryEntryDetailViewController.swift */ = {isa = PBXFileReference; lastKnownFileType = sourcecode.swift; path = DiaryEntryDetailViewController.swift; sourceTree = "<group>"; };
		E242409B24265BF40072C3E1 /* DiaryEntryDetailViewController.xib */ = {isa = PBXFileReference; lastKnownFileType = file.xib; path = DiaryEntryDetailViewController.xib; sourceTree = "<group>"; };
		E242409E24265DAE0072C3E1 /* SymptomsTableViewCell.swift */ = {isa = PBXFileReference; lastKnownFileType = sourcecode.swift; path = SymptomsTableViewCell.swift; sourceTree = "<group>"; };
		E242409F24265DAE0072C3E1 /* SymptomsTableViewCell.xib */ = {isa = PBXFileReference; lastKnownFileType = file.xib; path = SymptomsTableViewCell.xib; sourceTree = "<group>"; };
		E25D1B3624277CEA0085A7FA /* OnboardingViewController.swift */ = {isa = PBXFileReference; lastKnownFileType = sourcecode.swift; path = OnboardingViewController.swift; sourceTree = "<group>"; };
		E25D1B3724277CEA0085A7FA /* OnboardingViewController.xib */ = {isa = PBXFileReference; lastKnownFileType = file.xib; path = OnboardingViewController.xib; sourceTree = "<group>"; };
		E285839E2425683000C6BE16 /* MarkerViewController.swift */ = {isa = PBXFileReference; lastKnownFileType = sourcecode.swift; path = MarkerViewController.swift; sourceTree = "<group>"; };
		E285839F2425683000C6BE16 /* MarkerViewController.xib */ = {isa = PBXFileReference; lastKnownFileType = file.xib; path = MarkerViewController.xib; sourceTree = "<group>"; };
		E28583A224257ED600C6BE16 /* LastMarkerViewController.swift */ = {isa = PBXFileReference; lastKnownFileType = sourcecode.swift; path = LastMarkerViewController.swift; sourceTree = "<group>"; };
		E28583A324257ED600C6BE16 /* LastMarkerViewController.xib */ = {isa = PBXFileReference; lastKnownFileType = file.xib; path = LastMarkerViewController.xib; sourceTree = "<group>"; };
		E28583A72425807300C6BE16 /* LastMarkerTableViewCell.swift */ = {isa = PBXFileReference; lastKnownFileType = sourcecode.swift; path = LastMarkerTableViewCell.swift; sourceTree = "<group>"; };
		E28583A82425807300C6BE16 /* LastMarkerTableViewCell.xib */ = {isa = PBXFileReference; lastKnownFileType = file.xib; path = LastMarkerTableViewCell.xib; sourceTree = "<group>"; };
		E28583AE2425B63B00C6BE16 /* Marker+UiModel.swift */ = {isa = PBXFileReference; lastKnownFileType = sourcecode.swift; path = "Marker+UiModel.swift"; sourceTree = "<group>"; };
		E28583B12425BEBA00C6BE16 /* MapKit.framework */ = {isa = PBXFileReference; lastKnownFileType = wrapper.framework; name = MapKit.framework; path = System/Library/Frameworks/MapKit.framework; sourceTree = SDKROOT; };
		E28BA0F02425666A00AF3CF2 /* TabBarViewController.swift */ = {isa = PBXFileReference; lastKnownFileType = sourcecode.swift; path = TabBarViewController.swift; sourceTree = "<group>"; };
		E28BA0F12425666A00AF3CF2 /* TabBarViewController.xib */ = {isa = PBXFileReference; lastKnownFileType = file.xib; path = TabBarViewController.xib; sourceTree = "<group>"; };
		E2B04A52242676B600CD043E /* SymptomDiaryEntry+UiModel.swift */ = {isa = PBXFileReference; lastKnownFileType = sourcecode.swift; path = "SymptomDiaryEntry+UiModel.swift"; sourceTree = "<group>"; };
/* End PBXFileReference section */

/* Begin PBXFrameworksBuildPhase section */
		A481B4BA2425623500B294AF /* Frameworks */ = {
			isa = PBXFrameworksBuildPhase;
			buildActionMask = 2147483647;
			files = (
				A40D06AF24262B2E00D62CAF /* libc++.tbd in Frameworks */,
				A40D06AD24262B0D00D62CAF /* libz.tbd in Frameworks */,
				A40D06A624262AFC00D62CAF /* Ssl.framework in Frameworks */,
				A40D06A724262AFC00D62CAF /* LDDatabaseiOS.framework in Frameworks */,
				A40D06A824262AFC00D62CAF /* Crypto.framework in Frameworks */,
				A40D06A924262AFC00D62CAF /* LDUtilsCppiOS.framework in Frameworks */,
				A40D06AA24262AFC00D62CAF /* ld-utils.framework in Frameworks */,
				A40D06AB24262AFC00D62CAF /* LDHttpiOS.framework in Frameworks */,
				A40D069E242628AD00D62CAF /* UserNotifications.framework in Frameworks */,
				A40D06962426203C00D62CAF /* LDLetspushFramework.framework in Frameworks */,
				E28583B22425BEBA00C6BE16 /* MapKit.framework in Frameworks */,
			);
			runOnlyForDeploymentPostprocessing = 0;
		};
/* End PBXFrameworksBuildPhase section */

/* Begin PBXGroup section */
		29BD932A1B0F687C5ACDF431 /* request */ = {
			isa = PBXGroup;
			children = (
				29BD9AD1E27E24B6709443F4 /* BaseRequest.swift */,
				29BD9E606104F85659D58A42 /* MarkerPostRequest.swift */,
				29BD92A6BDE937A9F83222A8 /* SymptomGetRequest.swift */,
				29BD91B441F69C43B36D982A /* CoronaTestPostRequest.swift */,
				29BD94314153056CF8266F4E /* SymptomDiaryPostRequest.swift */,
			);
			path = request;
			sourceTree = "<group>";
		};
		29BD9BEB4EDADF2C6A9E1962 /* sync */ = {
			isa = PBXGroup;
			children = (
				29BD932A1B0F687C5ACDF431 /* request */,
				29BD994BC62AD0DF886F1389 /* SyncManager.swift */,
			);
			path = sync;
			sourceTree = "<group>";
		};
		2E9797E6242562EA005CE79F /* src */ = {
			isa = PBXGroup;
			children = (
				2E9797E724256300005CE79F /* data */,
				36013C97EB493D7A9017A98D /* ui */,
				3601394BA90DCE4327CBB6F8 /* location */,
				360134E8560E28C5F5FED969 /* util */,
			);
			path = src;
			sourceTree = "<group>";
		};
		2E9797E724256300005CE79F /* data */ = {
			isa = PBXGroup;
			children = (
				2E9797E924256317005CE79F /* dao */,
				2E9797E824256308005CE79F /* domain */,
				29BD9BEB4EDADF2C6A9E1962 /* sync */,
			);
			path = data;
			sourceTree = "<group>";
		};
		2E9797E824256308005CE79F /* domain */ = {
			isa = PBXGroup;
			children = (
				A481B4C92425623500B294AF /* DiCoScanner.xcdatamodeld */,
				29BD9E3E05235BB38E8BA1E3 /* DatabaseManager.swift */,
			);
			path = domain;
			sourceTree = "<group>";
		};
		2E9797E924256317005CE79F /* dao */ = {
			isa = PBXGroup;
			children = (
				29BD9C9031377750FAEFBDEE /* SymptomDao.swift */,
				29BD99460BD6EC84122302EE /* BaseDao.swift */,
				29BD9FB52888BBA281507503 /* MarkerDao.swift */,
				29BD9102CAEC325A370F12E2 /* CoronaTestResultDao.swift */,
				29BD9B7FF2FD1828DE7127CF /* SymptomDiaryEntryDao.swift */,
				29BD975EDEA1FC4E9EBDEF4E /* SyncDao.swift */,
			);
			path = dao;
			sourceTree = "<group>";
		};
		360134E8560E28C5F5FED969 /* util */ = {
			isa = PBXGroup;
			children = (
				360130001043FCC74B9B5990 /* DateFormatter+Localization.swift */,
				E28583AE2425B63B00C6BE16 /* Marker+UiModel.swift */,
				E2B04A52242676B600CD043E /* SymptomDiaryEntry+UiModel.swift */,
				3601320E1A836CBE270C3F9B /* ButtonStateController.swift */,
			);
			path = util;
			sourceTree = "<group>";
		};
		3601394BA90DCE4327CBB6F8 /* location */ = {
			isa = PBXGroup;
			children = (
				360132EB1A6E05520CDBCE3C /* LocationProvider.swift */,
				36013661F6A442F9CD2B3AAE /* LocationProviderDelegate.swift */,
			);
			path = location;
			sourceTree = "<group>";
		};
		36013B2860E50B41AAEE60C2 /* controller */ = {
			isa = PBXGroup;
			children = (
				E28BA0F02425666A00AF3CF2 /* TabBarViewController.swift */,
				E28BA0F12425666A00AF3CF2 /* TabBarViewController.xib */,
				E285839E2425683000C6BE16 /* MarkerViewController.swift */,
				E285839F2425683000C6BE16 /* MarkerViewController.xib */,
				E28583A224257ED600C6BE16 /* LastMarkerViewController.swift */,
				E28583A324257ED600C6BE16 /* LastMarkerViewController.xib */,
				A481B4D724256D9E00B294AF /* SymptomsViewController.swift */,
				A481B4D824256D9E00B294AF /* SymptomsViewController.xib */,
				A40D06B024265F5B00D62CAF /* CoronaTestViewController.swift */,
				A40D06B124265F5B00D62CAF /* CoronaTestViewController.xib */,
				E242409A24265BF40072C3E1 /* DiaryEntryDetailViewController.swift */,
				E242409B24265BF40072C3E1 /* DiaryEntryDetailViewController.xib */,
				A40D06B82426D25F00D62CAF /* SymptomsTestViewController.swift */,
				A40D06B92426D25F00D62CAF /* SymptomsTestViewController.xib */,
				E25D1B3624277CEA0085A7FA /* OnboardingViewController.swift */,
				E25D1B3724277CEA0085A7FA /* OnboardingViewController.xib */,
				3601364B9022D7C477292190 /* OnBoardingDelegate.swift */,
			);
			path = controller;
			sourceTree = "<group>";
		};
		36013C97EB493D7A9017A98D /* ui */ = {
			isa = PBXGroup;
			children = (
				E28583A62425806300C6BE16 /* cell */,
				A481B4DB2425A69500B294AF /* view */,
				36013B2860E50B41AAEE60C2 /* controller */,
				D09DB6469C6F6FFC74608B80 /* protocol */,
			);
			path = ui;
			sourceTree = "<group>";
		};
		A481B4B42425623500B294AF = {
			isa = PBXGroup;
			children = (
				A40D069B2426220300D62CAF /* LDLetspushFramework.bundle */,
				A481B4BF2425623500B294AF /* DiCoScanner */,
				A481B4BE2425623500B294AF /* Products */,
				E28583B02425BEBA00C6BE16 /* Frameworks */,
			);
			sourceTree = "<group>";
		};
		A481B4BE2425623500B294AF /* Products */ = {
			isa = PBXGroup;
			children = (
				A481B4BD2425623500B294AF /* CO Scan.app */,
			);
			name = Products;
			sourceTree = "<group>";
		};
		A481B4BF2425623500B294AF /* DiCoScanner */ = {
			isa = PBXGroup;
			children = (
				A40D069A2426210600D62CAF /* DiCoScanner.entitlements */,
				2E9797E6242562EA005CE79F /* src */,
				A481B4C02425623500B294AF /* AppDelegate.swift */,
				A481B4CC2425623600B294AF /* Assets.xcassets */,
				A481B4CE2425623600B294AF /* LaunchScreen.storyboard */,
				A481B4D12425623600B294AF /* Info.plist */,
				D09DBEEB1F3E7500771D88C0 /* DiCoScanner-Bridging-Header.h */,
			);
			path = DiCoScanner;
			sourceTree = "<group>";
		};
		A481B4DB2425A69500B294AF /* view */ = {
			isa = PBXGroup;
			children = (
				A481B4DC2425A6C900B294AF /* DiaryEntryView.swift */,
				A40D06932425AA1500D62CAF /* DiaryEntryView.xib */,
				360136BCF480A84B3D49648D /* DiaryEntryViewDelegate.swift */,
			);
			path = view;
			sourceTree = "<group>";
		};
		D09DB6469C6F6FFC74608B80 /* protocol */ = {
			isa = PBXGroup;
			children = (
				D09DB3D6544E6512763AF00E /* PresentedViewControllerDelegate.swift */,
			);
			path = protocol;
			sourceTree = "<group>";
		};
		E28583A62425806300C6BE16 /* cell */ = {
			isa = PBXGroup;
			children = (
				E28583A72425807300C6BE16 /* LastMarkerTableViewCell.swift */,
				E28583A82425807300C6BE16 /* LastMarkerTableViewCell.xib */,
				E242409E24265DAE0072C3E1 /* SymptomsTableViewCell.swift */,
				E242409F24265DAE0072C3E1 /* SymptomsTableViewCell.xib */,
			);
			path = cell;
			sourceTree = "<group>";
		};
		E28583B02425BEBA00C6BE16 /* Frameworks */ = {
			isa = PBXGroup;
			children = (
				A40D06AE24262B2E00D62CAF /* libc++.tbd */,
				A40D06AC24262B0D00D62CAF /* libz.tbd */,
				A40D06A224262AFC00D62CAF /* Crypto.framework */,
				A40D06A424262AFC00D62CAF /* ld-utils.framework */,
				A40D06A124262AFC00D62CAF /* LDDatabaseiOS.framework */,
				A40D06A524262AFC00D62CAF /* LDHttpiOS.framework */,
				A40D06A324262AFC00D62CAF /* LDUtilsCppiOS.framework */,
				A40D06A024262AFC00D62CAF /* Ssl.framework */,
				A40D069D242628AD00D62CAF /* UserNotifications.framework */,
				A40D06952426203C00D62CAF /* LDLetspushFramework.framework */,
				E28583B12425BEBA00C6BE16 /* MapKit.framework */,
			);
			name = Frameworks;
			sourceTree = "<group>";
		};
/* End PBXGroup section */

/* Begin PBXNativeTarget section */
		A481B4BC2425623500B294AF /* DiCoScanner */ = {
			isa = PBXNativeTarget;
			buildConfigurationList = A481B4D42425623600B294AF /* Build configuration list for PBXNativeTarget "DiCoScanner" */;
			buildPhases = (
				A481B4B92425623500B294AF /* Sources */,
				A481B4BA2425623500B294AF /* Frameworks */,
				A481B4BB2425623500B294AF /* Resources */,
			);
			buildRules = (
			);
			dependencies = (
			);
			name = DiCoScanner;
			productName = DiCoScanner;
			productReference = A481B4BD2425623500B294AF /* CO Scan.app */;
			productType = "com.apple.product-type.application";
		};
/* End PBXNativeTarget section */

/* Begin PBXProject section */
		A481B4B52425623500B294AF /* Project object */ = {
			isa = PBXProject;
			attributes = {
				LastSwiftUpdateCheck = 1130;
				LastUpgradeCheck = 1130;
				ORGANIZATIONNAME = "let's dev GmbH & Co. KG";
				TargetAttributes = {
					A481B4BC2425623500B294AF = {
						CreatedOnToolsVersion = 11.3;
					};
				};
			};
			buildConfigurationList = A481B4B82425623500B294AF /* Build configuration list for PBXProject "DiCoScanner" */;
			compatibilityVersion = "Xcode 9.3";
			developmentRegion = en;
			hasScannedForEncodings = 0;
			knownRegions = (
				en,
				Base,
			);
			mainGroup = A481B4B42425623500B294AF;
			productRefGroup = A481B4BE2425623500B294AF /* Products */;
			projectDirPath = "";
			projectRoot = "";
			targets = (
				A481B4BC2425623500B294AF /* DiCoScanner */,
			);
		};
/* End PBXProject section */

/* Begin PBXResourcesBuildPhase section */
		A481B4BB2425623500B294AF /* Resources */ = {
			isa = PBXResourcesBuildPhase;
			buildActionMask = 2147483647;
			files = (
				A40D069C2426220300D62CAF /* LDLetspushFramework.bundle in Resources */,
				E28BA0F32425666A00AF3CF2 /* TabBarViewController.xib in Resources */,
				A481B4D02425623600B294AF /* LaunchScreen.storyboard in Resources */,
				E25D1B3924277CEA0085A7FA /* OnboardingViewController.xib in Resources */,
				E28583A524257ED600C6BE16 /* LastMarkerViewController.xib in Resources */,
				E28583A12425683000C6BE16 /* MarkerViewController.xib in Resources */,
				E242409D24265BF40072C3E1 /* DiaryEntryDetailViewController.xib in Resources */,
				A481B4DA24256D9E00B294AF /* SymptomsViewController.xib in Resources */,
				A481B4CD2425623600B294AF /* Assets.xcassets in Resources */,
				E28583AA2425807300C6BE16 /* LastMarkerTableViewCell.xib in Resources */,
				A40D06BB2426D25F00D62CAF /* SymptomsTestViewController.xib in Resources */,
				A40D06B324265F5B00D62CAF /* CoronaTestViewController.xib in Resources */,
				A40D06942425AA1500D62CAF /* DiaryEntryView.xib in Resources */,
				E24240A124265DAE0072C3E1 /* SymptomsTableViewCell.xib in Resources */,
			);
			runOnlyForDeploymentPostprocessing = 0;
		};
/* End PBXResourcesBuildPhase section */

/* Begin PBXSourcesBuildPhase section */
		A481B4B92425623500B294AF /* Sources */ = {
			isa = PBXSourcesBuildPhase;
			buildActionMask = 2147483647;
			files = (
				E24240A024265DAE0072C3E1 /* SymptomsTableViewCell.swift in Sources */,
				A40D069F2426296A00D62CAF /* DiCoScanner-Bridging-Header.h in Sources */,
				A481B4CB2425623500B294AF /* DiCoScanner.xcdatamodeld in Sources */,
				E28583A92425807300C6BE16 /* LastMarkerTableViewCell.swift in Sources */,
				E28583A424257ED600C6BE16 /* LastMarkerViewController.swift in Sources */,
				A481B4C12425623500B294AF /* AppDelegate.swift in Sources */,
				E28583A02425683000C6BE16 /* MarkerViewController.swift in Sources */,
				A481B4DE2425A6C900B294AF /* DiaryEntryView.swift in Sources */,
				A40D06BA2426D25F00D62CAF /* SymptomsTestViewController.swift in Sources */,
				A481B4D924256D9E00B294AF /* SymptomsViewController.swift in Sources */,
				E28BA0F22425666A00AF3CF2 /* TabBarViewController.swift in Sources */,
				E242409C24265BF40072C3E1 /* DiaryEntryDetailViewController.swift in Sources */,
				3601357A224E006EA0DE23C6 /* LocationProvider.swift in Sources */,
				360131BD8B8F3F5632343187 /* LocationProviderDelegate.swift in Sources */,
				29BD958E5A61B56A9AC99C23 /* DatabaseManager.swift in Sources */,
				29BD96F68A6AA3A34A9EC7D3 /* SymptomDao.swift in Sources */,
				29BD9EF51FA2178C22CCC4B7 /* BaseDao.swift in Sources */,
				E2B04A53242676B600CD043E /* SymptomDiaryEntry+UiModel.swift in Sources */,
				29BD900177FD17C9B6DF4341 /* MarkerDao.swift in Sources */,
				29BD9A3B4F51135C94742C5D /* BaseRequest.swift in Sources */,
				29BD92191B3D84E566FFB53A /* MarkerPostRequest.swift in Sources */,
				36013CB43F23F90880575A49 /* DateFormatter+Localization.swift in Sources */,
				A40D06B224265F5B00D62CAF /* CoronaTestViewController.swift in Sources */,
				E28583AF2425B63B00C6BE16 /* Marker+UiModel.swift in Sources */,
				36013CAD1FD909AADEBD2A17 /* DiaryEntryViewDelegate.swift in Sources */,
				29BD9473DAB79227727C64D7 /* SymptomGetRequest.swift in Sources */,
				29BD9CE6870A1900A0F70B20 /* CoronaTestPostRequest.swift in Sources */,
				29BD9D25EF0D745C26C5D0EA /* CoronaTestResultDao.swift in Sources */,
				29BD933AEA3163A09AB5EE9A /* SymptomDiaryEntryDao.swift in Sources */,
				29BD9CA020B40DEA5988249B /* SyncDao.swift in Sources */,
				29BD903B8514E18517A05543 /* SyncManager.swift in Sources */,
				29BD95BD9208C8629C9C621A /* SymptomDiaryPostRequest.swift in Sources */,
				E25D1B3824277CEA0085A7FA /* OnboardingViewController.swift in Sources */,
				D09DBA69AB09CCDCD7FF3C19 /* PresentedViewControllerDelegate.swift in Sources */,
				36013B6575A41425E495E583 /* ButtonStateController.swift in Sources */,
				3601355E6F27C28496E41F76 /* OnBoardingDelegate.swift in Sources */,
			);
			runOnlyForDeploymentPostprocessing = 0;
		};
/* End PBXSourcesBuildPhase section */

/* Begin PBXVariantGroup section */
		A481B4CE2425623600B294AF /* LaunchScreen.storyboard */ = {
			isa = PBXVariantGroup;
			children = (
				A481B4CF2425623600B294AF /* Base */,
			);
			name = LaunchScreen.storyboard;
			sourceTree = "<group>";
		};
/* End PBXVariantGroup section */

/* Begin XCBuildConfiguration section */
		A481B4D22425623600B294AF /* Debug */ = {
			isa = XCBuildConfiguration;
			buildSettings = {
				ALWAYS_SEARCH_USER_PATHS = NO;
				CLANG_ANALYZER_NONNULL = YES;
				CLANG_ANALYZER_NUMBER_OBJECT_CONVERSION = YES_AGGRESSIVE;
				CLANG_CXX_LANGUAGE_STANDARD = "gnu++14";
				CLANG_CXX_LIBRARY = "libc++";
				CLANG_ENABLE_MODULES = YES;
				CLANG_ENABLE_OBJC_ARC = YES;
				CLANG_ENABLE_OBJC_WEAK = YES;
				CLANG_WARN_BLOCK_CAPTURE_AUTORELEASING = YES;
				CLANG_WARN_BOOL_CONVERSION = YES;
				CLANG_WARN_COMMA = YES;
				CLANG_WARN_CONSTANT_CONVERSION = YES;
				CLANG_WARN_DEPRECATED_OBJC_IMPLEMENTATIONS = YES;
				CLANG_WARN_DIRECT_OBJC_ISA_USAGE = YES_ERROR;
				CLANG_WARN_DOCUMENTATION_COMMENTS = YES;
				CLANG_WARN_EMPTY_BODY = YES;
				CLANG_WARN_ENUM_CONVERSION = YES;
				CLANG_WARN_INFINITE_RECURSION = YES;
				CLANG_WARN_INT_CONVERSION = YES;
				CLANG_WARN_NON_LITERAL_NULL_CONVERSION = YES;
				CLANG_WARN_OBJC_IMPLICIT_RETAIN_SELF = YES;
				CLANG_WARN_OBJC_LITERAL_CONVERSION = YES;
				CLANG_WARN_OBJC_ROOT_CLASS = YES_ERROR;
				CLANG_WARN_RANGE_LOOP_ANALYSIS = YES;
				CLANG_WARN_STRICT_PROTOTYPES = YES;
				CLANG_WARN_SUSPICIOUS_MOVE = YES;
				CLANG_WARN_UNGUARDED_AVAILABILITY = YES_AGGRESSIVE;
				CLANG_WARN_UNREACHABLE_CODE = YES;
				CLANG_WARN__DUPLICATE_METHOD_MATCH = YES;
				COPY_PHASE_STRIP = NO;
				DEBUG_INFORMATION_FORMAT = dwarf;
				ENABLE_STRICT_OBJC_MSGSEND = YES;
				ENABLE_TESTABILITY = YES;
				GCC_C_LANGUAGE_STANDARD = gnu11;
				GCC_DYNAMIC_NO_PIC = NO;
				GCC_NO_COMMON_BLOCKS = YES;
				GCC_OPTIMIZATION_LEVEL = 0;
				GCC_PREPROCESSOR_DEFINITIONS = (
					"DEBUG=1",
					"$(inherited)",
				);
				GCC_WARN_64_TO_32_BIT_CONVERSION = YES;
				GCC_WARN_ABOUT_RETURN_TYPE = YES_ERROR;
				GCC_WARN_UNDECLARED_SELECTOR = YES;
				GCC_WARN_UNINITIALIZED_AUTOS = YES_AGGRESSIVE;
				GCC_WARN_UNUSED_FUNCTION = YES;
				GCC_WARN_UNUSED_VARIABLE = YES;
				IPHONEOS_DEPLOYMENT_TARGET = 13.2;
				MTL_ENABLE_DEBUG_INFO = INCLUDE_SOURCE;
				MTL_FAST_MATH = YES;
				ONLY_ACTIVE_ARCH = YES;
				SDKROOT = iphoneos;
				SWIFT_ACTIVE_COMPILATION_CONDITIONS = DEBUG;
				SWIFT_OPTIMIZATION_LEVEL = "-Onone";
			};
			name = Debug;
		};
		A481B4D32425623600B294AF /* Release */ = {
			isa = XCBuildConfiguration;
			buildSettings = {
				ALWAYS_SEARCH_USER_PATHS = NO;
				CLANG_ANALYZER_NONNULL = YES;
				CLANG_ANALYZER_NUMBER_OBJECT_CONVERSION = YES_AGGRESSIVE;
				CLANG_CXX_LANGUAGE_STANDARD = "gnu++14";
				CLANG_CXX_LIBRARY = "libc++";
				CLANG_ENABLE_MODULES = YES;
				CLANG_ENABLE_OBJC_ARC = YES;
				CLANG_ENABLE_OBJC_WEAK = YES;
				CLANG_WARN_BLOCK_CAPTURE_AUTORELEASING = YES;
				CLANG_WARN_BOOL_CONVERSION = YES;
				CLANG_WARN_COMMA = YES;
				CLANG_WARN_CONSTANT_CONVERSION = YES;
				CLANG_WARN_DEPRECATED_OBJC_IMPLEMENTATIONS = YES;
				CLANG_WARN_DIRECT_OBJC_ISA_USAGE = YES_ERROR;
				CLANG_WARN_DOCUMENTATION_COMMENTS = YES;
				CLANG_WARN_EMPTY_BODY = YES;
				CLANG_WARN_ENUM_CONVERSION = YES;
				CLANG_WARN_INFINITE_RECURSION = YES;
				CLANG_WARN_INT_CONVERSION = YES;
				CLANG_WARN_NON_LITERAL_NULL_CONVERSION = YES;
				CLANG_WARN_OBJC_IMPLICIT_RETAIN_SELF = YES;
				CLANG_WARN_OBJC_LITERAL_CONVERSION = YES;
				CLANG_WARN_OBJC_ROOT_CLASS = YES_ERROR;
				CLANG_WARN_RANGE_LOOP_ANALYSIS = YES;
				CLANG_WARN_STRICT_PROTOTYPES = YES;
				CLANG_WARN_SUSPICIOUS_MOVE = YES;
				CLANG_WARN_UNGUARDED_AVAILABILITY = YES_AGGRESSIVE;
				CLANG_WARN_UNREACHABLE_CODE = YES;
				CLANG_WARN__DUPLICATE_METHOD_MATCH = YES;
				COPY_PHASE_STRIP = NO;
				DEBUG_INFORMATION_FORMAT = "dwarf-with-dsym";
				ENABLE_NS_ASSERTIONS = NO;
				ENABLE_STRICT_OBJC_MSGSEND = YES;
				GCC_C_LANGUAGE_STANDARD = gnu11;
				GCC_NO_COMMON_BLOCKS = YES;
				GCC_WARN_64_TO_32_BIT_CONVERSION = YES;
				GCC_WARN_ABOUT_RETURN_TYPE = YES_ERROR;
				GCC_WARN_UNDECLARED_SELECTOR = YES;
				GCC_WARN_UNINITIALIZED_AUTOS = YES_AGGRESSIVE;
				GCC_WARN_UNUSED_FUNCTION = YES;
				GCC_WARN_UNUSED_VARIABLE = YES;
				IPHONEOS_DEPLOYMENT_TARGET = 13.2;
				MTL_ENABLE_DEBUG_INFO = NO;
				MTL_FAST_MATH = YES;
				SDKROOT = iphoneos;
				SWIFT_COMPILATION_MODE = wholemodule;
				SWIFT_OPTIMIZATION_LEVEL = "-O";
				VALIDATE_PRODUCT = YES;
			};
			name = Release;
		};
		A481B4D52425623600B294AF /* Debug */ = {
			isa = XCBuildConfiguration;
			buildSettings = {
				ASSETCATALOG_COMPILER_APPICON_NAME = AppIcon;
				CODE_SIGN_ENTITLEMENTS = DiCoScanner/DiCoScanner.entitlements;
				CODE_SIGN_IDENTITY = "iPhone Developer";
				CODE_SIGN_STYLE = Manual;
				DEVELOPMENT_TEAM = DXR98A4DJW;
				ENABLE_BITCODE = NO;
				FRAMEWORK_SEARCH_PATHS = "${PROJECT_DIR}/../../../target/ios-dependencies";
				INFOPLIST_FILE = DiCoScanner/Info.plist;
				IPHONEOS_DEPLOYMENT_TARGET = 12.0;
				LD_RUNPATH_SEARCH_PATHS = (
					"$(inherited)",
					"@executable_path/Frameworks",
				);
				PRODUCT_BUNDLE_IDENTIFIER = de.letsdev.DiCoScanner;
				PRODUCT_NAME = "CO Scan";
				PROVISIONING_PROFILE_SPECIFIER = "DiCoScanner Development";
				SWIFT_OBJC_BRIDGING_HEADER = "DiCoScanner/DiCoScanner-Bridging-Header.h";
				SWIFT_VERSION = 5.0;
				TARGETED_DEVICE_FAMILY = "1,2";
			};
			name = Debug;
		};
		A481B4D62425623600B294AF /* Release */ = {
			isa = XCBuildConfiguration;
			buildSettings = {
				ASSETCATALOG_COMPILER_APPICON_NAME = AppIcon;
				CODE_SIGN_ENTITLEMENTS = DiCoScanner/DiCoScanner.entitlements;
				CODE_SIGN_IDENTITY = "iPhone Distribution";
				CODE_SIGN_STYLE = Manual;
				DEVELOPMENT_TEAM = DXR98A4DJW;
				ENABLE_BITCODE = NO;
				FRAMEWORK_SEARCH_PATHS = "${PROJECT_DIR}/../../../target/ios-dependencies";
				INFOPLIST_FILE = DiCoScanner/Info.plist;
				IPHONEOS_DEPLOYMENT_TARGET = 12.0;
				LD_RUNPATH_SEARCH_PATHS = (
					"$(inherited)",
					"@executable_path/Frameworks",
				);
				PRODUCT_BUNDLE_IDENTIFIER = de.letsdev.DiCoScanner;
				PRODUCT_NAME = "CO Scan";
				PROVISIONING_PROFILE_SPECIFIER = "DiCoScanner AppStore";
				SWIFT_OBJC_BRIDGING_HEADER = "DiCoScanner/DiCoScanner-Bridging-Header.h";
				SWIFT_VERSION = 5.0;
				TARGETED_DEVICE_FAMILY = "1,2";
			};
			name = Release;
		};
/* End XCBuildConfiguration section */

/* Begin XCConfigurationList section */
		A481B4B82425623500B294AF /* Build configuration list for PBXProject "DiCoScanner" */ = {
			isa = XCConfigurationList;
			buildConfigurations = (
				A481B4D22425623600B294AF /* Debug */,
				A481B4D32425623600B294AF /* Release */,
			);
			defaultConfigurationIsVisible = 0;
			defaultConfigurationName = Release;
		};
		A481B4D42425623600B294AF /* Build configuration list for PBXNativeTarget "DiCoScanner" */ = {
			isa = XCConfigurationList;
			buildConfigurations = (
				A481B4D52425623600B294AF /* Debug */,
				A481B4D62425623600B294AF /* Release */,
			);
			defaultConfigurationIsVisible = 0;
			defaultConfigurationName = Release;
		};
/* End XCConfigurationList section */

/* Begin XCVersionGroup section */
		A481B4C92425623500B294AF /* DiCoScanner.xcdatamodeld */ = {
			isa = XCVersionGroup;
			children = (
				A481B4CA2425623500B294AF /* DiCoScanner.xcdatamodel */,
			);
			currentVersion = A481B4CA2425623500B294AF /* DiCoScanner.xcdatamodel */;
			path = DiCoScanner.xcdatamodeld;
			sourceTree = "<group>";
			versionGroupType = wrapper.xcdatamodel;
		};
/* End XCVersionGroup section */
	};
	rootObject = A481B4B52425623500B294AF /* Project object */;
}
